
Microsoft Visual Studio Solution File, Format Version 12.00
# Visual Studio Version 16
VisualStudioVersion = 16.0.29728.190
MinimumVisualStudioVersion = 10.0.40219.1
Project("{FAE04EC0-301F-11D3-BF4B-00C04F79EFBC}") = "GUIEX2PROJECT", "GUIEX2PROJECT.csproj", "{0AD9115D-74FE-42DD-AFC6-3721C46AE4ED}"
EndProject
Global
	GlobalSection(SolutionConfigurationPlatforms) = preSolution
		Debug|Any CPU = Debug|Any CPU
		Release|Any CPU = Release|Any CPU
	EndGlobalSection
	GlobalSection(ProjectConfigurationPlatforms) = postSolution
		{0AD9115D-74FE-42DD-AFC6-3721C46AE4ED}.Debug|Any CPU.ActiveCfg = Debug|Any CPU
		{0AD9115D-74FE-42DD-AFC6-3721C46AE4ED}.Debug|Any CPU.Build.0 = Debug|Any CPU
		{0AD9115D-74FE-42DD-AFC6-3721C46AE4ED}.Release|Any CPU.ActiveCfg = Release|Any CPU
		{0AD9115D-74FE-42DD-AFC6-3721C46AE4ED}.Release|Any CPU.Build.0 = Release|Any CPU
	EndGlobalSection
	GlobalSection(SolutionProperties) = preSolution
		HideSolutionNode = FALSE
	EndGlobalSection
	GlobalSection(ExtensibilityGlobals) = postSolution
		SolutionGuid = {36E5988A-2786-44DE-9ACE-971DDF37EA58}
	EndGlobalSection
EndGlobal
